
Microsoft Visual Studio Solution File, Format Version 12.00
# Visual Studio Version 16
VisualStudioVersion = 25.0.1706.9
MinimumVisualStudioVersion = 10.0.40219.1
Project("{FAE04EC0-301F-11D3-BF4B-00C04F79EFBC}") = "Play.Identity.Contracts", "Play.Identity.Contracts.csproj", "{CA774B24-2F2D-4453-A764-0539BAB34BFC}"
EndProject
Global
	GlobalSection(SolutionConfigurationPlatforms) = preSolution
		Debug|Any CPU = Debug|Any CPU
		Release|Any CPU = Release|Any CPU
	EndGlobalSection
	GlobalSection(ProjectConfigurationPlatforms) = postSolution
		{CA774B24-2F2D-4453-A764-0539BAB34BFC}.Debug|Any CPU.ActiveCfg = Debug|Any CPU
		{CA774B24-2F2D-4453-A764-0539BAB34BFC}.Debug|Any CPU.Build.0 = Debug|Any CPU
		{CA774B24-2F2D-4453-A764-0539BAB34BFC}.Release|Any CPU.ActiveCfg = Release|Any CPU
		{CA774B24-2F2D-4453-A764-0539BAB34BFC}.Release|Any CPU.Build.0 = Release|Any CPU
	EndGlobalSection
	GlobalSection(SolutionProperties) = preSolution
		HideSolutionNode = FALSE
	EndGlobalSection
	GlobalSection(ExtensibilityGlobals) = postSolution
		SolutionGuid = {6458F341-5A14-45C8-85EA-A0E8694F2FDE}
	EndGlobalSection
EndGlobal
